version = 1
requires-python = ">=3.11"

[[package]]
name = "base-python-assignment"
version = "0.1.0"
source = { editable = "." }
dependencies = [
    { name = "mypy" },
    { name = "pytest" },
    { name = "ruff" },
]

[package.dev-dependencies]
dev = [
    { name = "mypy" },
    { name = "pytest" },
    { name = "ruff" },
]

[package.metadata]
requires-dist = [
    { name = "mypy", specifier = ">=1.11.1" },
    { name = "pytest", specifier = ">=8.3.2" },
    { name = "ruff", specifier = ">=0.5.7" },
]

[package.metadata.requires-dev]
dev = [
    { name = "mypy", specifier = ">=1.11.1" },
    { name = "pytest", specifier = ">=8.3.2" },
    { name = "ruff", specifier = ">=0.5.7" },
]

[[package]]
name = "colorama"
version = "0.4.6"
source = { registry = "https://pypi.org/simple" }
sdist = { url = "https://files.pythonhosted.org/packages/d8/53/6f443c9a4a8358a93a6792e2acffb9d9d5cb0a5cfd8802644b7b1c9a02e4/colorama-0.4.6.tar.gz", hash = "sha256:08695f5cb7ed6e0531a20572697297273c47b8cae5a63ffc6d6ed5c201be6e44", size = 27697 }
wheels = [
    { url = "https://files.pythonhosted.org/packages/d1/d6/3965ed04c63042e047cb6a3e6ed1a63a35087b6a609aa3a15ed8ac56c221/colorama-0.4.6-py2.py3-none-any.whl", hash = "sha256:4f1d9991f5acc0ca119f9d443620b77f9d6b33703e51011c16baf57afb285fc6", size = 25335 },
]

[[package]]
name = "iniconfig"
version = "2.0.0"
source = { registry = "https://pypi.org/simple" }
sdist = { url = "https://files.pythonhosted.org/packages/d7/4b/cbd8e699e64a6f16ca3a8220661b5f83792b3017d0f79807cb8708d33913/iniconfig-2.0.0.tar.gz", hash = "sha256:2d91e135bf72d31a410b17c16da610a82cb55f6b0477d1a902134b24a455b8b3", size = 4646 }
wheels = [
    { url = "https://files.pythonhosted.org/packages/ef/a6/62565a6e1cf69e10f5727360368e451d4b7f58beeac6173dc9db836a5b46/iniconfig-2.0.0-py3-none-any.whl", hash = "sha256:b6a85871a79d2e3b22d2d1b94ac2824226a63c6b741c88f7ae975f18b6778374", size = 5892 },
]

[[package]]
name = "mypy"
version = "1.11.2"
source = { registry = "https://pypi.org/simple" }
dependencies = [
    { name = "mypy-extensions" },
    { name = "typing-extensions" },
]
sdist = { url = "https://files.pythonhosted.org/packages/5c/86/5d7cbc4974fd564550b80fbb8103c05501ea11aa7835edf3351d90095896/mypy-1.11.2.tar.gz", hash = "sha256:7f9993ad3e0ffdc95c2a14b66dee63729f021968bff8ad911867579c65d13a79", size = 3078806 }
wheels = [
    { url = "https://files.pythonhosted.org/packages/e2/aa/cc56fb53ebe14c64f1fe91d32d838d6f4db948b9494e200d2f61b820b85d/mypy-1.11.2-cp311-cp311-macosx_10_9_x86_64.whl", hash = "sha256:75746e06d5fa1e91bfd5432448d00d34593b52e7e91a187d981d08d1f33d4385", size = 10859630 },
    { url = "https://files.pythonhosted.org/packages/04/c8/b19a760fab491c22c51975cf74e3d253b8c8ce2be7afaa2490fbf95a8c59/mypy-1.11.2-cp311-cp311-macosx_11_0_arm64.whl", hash = "sha256:a976775ab2256aadc6add633d44f100a2517d2388906ec4f13231fafbb0eccca", size = 10037973 },
    { url = "https://files.pythonhosted.org/packages/88/57/7e7e39f2619c8f74a22efb9a4c4eff32b09d3798335625a124436d121d89/mypy-1.11.2-cp311-cp311-manylinux_2_17_x86_64.manylinux2014_x86_64.manylinux_2_28_x86_64.whl", hash = "sha256:cd953f221ac1379050a8a646585a29574488974f79d8082cedef62744f0a0104", size = 12416659 },
    { url = "https://files.pythonhosted.org/packages/fc/a6/37f7544666b63a27e46c48f49caeee388bf3ce95f9c570eb5cfba5234405/mypy-1.11.2-cp311-cp311-musllinux_1_1_x86_64.whl", hash = "sha256:57555a7715c0a34421013144a33d280e73c08df70f3a18a552938587ce9274f4", size = 12897010 },
    { url = "https://files.pythonhosted.org/packages/84/8b/459a513badc4d34acb31c736a0101c22d2bd0697b969796ad93294165cfb/mypy-1.11.2-cp311-cp311-win_amd64.whl", hash = "sha256:36383a4fcbad95f2657642a07ba22ff797de26277158f1cc7bd234821468b1b6", size = 9562873 },
    { url = "https://files.pythonhosted.org/packages/35/3a/ed7b12ecc3f6db2f664ccf85cb2e004d3e90bec928e9d7be6aa2f16b7cdf/mypy-1.11.2-cp312-cp312-macosx_10_9_x86_64.whl", hash = "sha256:e8960dbbbf36906c5c0b7f4fbf2f0c7ffb20f4898e6a879fcf56a41a08b0d318", size = 10990335 },
    { url = "https://files.pythonhosted.org/packages/04/e4/1a9051e2ef10296d206519f1df13d2cc896aea39e8683302f89bf5792a59/mypy-1.11.2-cp312-cp312-macosx_11_0_arm64.whl", hash = "sha256:06d26c277962f3fb50e13044674aa10553981ae514288cb7d0a738f495550b36", size = 10007119 },
    { url = "https://files.pythonhosted.org/packages/f3/3c/350a9da895f8a7e87ade0028b962be0252d152e0c2fbaafa6f0658b4d0d4/mypy-1.11.2-cp312-cp312-manylinux_2_17_x86_64.manylinux2014_x86_64.manylinux_2_28_x86_64.whl", hash = "sha256:6e7184632d89d677973a14d00ae4d03214c8bc301ceefcdaf5c474866814c987", size = 12506856 },
    { url = "https://files.pythonhosted.org/packages/b6/49/ee5adf6a49ff13f4202d949544d3d08abb0ea1f3e7f2a6d5b4c10ba0360a/mypy-1.11.2-cp312-cp312-musllinux_1_1_x86_64.whl", hash = "sha256:3a66169b92452f72117e2da3a576087025449018afc2d8e9bfe5ffab865709ca", size = 12952066 },
    { url = "https://files.pythonhosted.org/packages/27/c0/b19d709a42b24004d720db37446a42abadf844d5c46a2c442e2a074d70d9/mypy-1.11.2-cp312-cp312-win_amd64.whl", hash = "sha256:969ea3ef09617aff826885a22ece0ddef69d95852cdad2f60c8bb06bf1f71f70", size = 9664000 },
    { url = "https://files.pythonhosted.org/packages/42/3a/bdf730640ac523229dd6578e8a581795720a9321399de494374afc437ec5/mypy-1.11.2-py3-none-any.whl", hash = "sha256:b499bc07dbdcd3de92b0a8b29fdf592c111276f6a12fe29c30f6c417dd546d12", size = 2619625 },
]

[[package]]
name = "mypy-extensions"
version = "1.0.0"
source = { registry = "https://pypi.org/simple" }
sdist = { url = "https://files.pythonhosted.org/packages/98/a4/1ab47638b92648243faf97a5aeb6ea83059cc3624972ab6b8d2316078d3f/mypy_extensions-1.0.0.tar.gz", hash = "sha256:75dbf8955dc00442a438fc4d0666508a9a97b6bd41aa2f0ffe9d2f2725af0782", size = 4433 }
wheels = [
    { url = "https://files.pythonhosted.org/packages/2a/e2/5d3f6ada4297caebe1a2add3b126fe800c96f56dbe5d1988a2cbe0b267aa/mypy_extensions-1.0.0-py3-none-any.whl", hash = "sha256:4392f6c0eb8a5668a69e23d168ffa70f0be9ccfd32b5cc2d26a34ae5b844552d", size = 4695 },
]

[[package]]
name = "packaging"
version = "24.1"
source = { registry = "https://pypi.org/simple" }
sdist = { url = "https://files.pythonhosted.org/packages/51/65/50db4dda066951078f0a96cf12f4b9ada6e4b811516bf0262c0f4f7064d4/packaging-24.1.tar.gz", hash = "sha256:026ed72c8ed3fcce5bf8950572258698927fd1dbda10a5e981cdf0ac37f4f002", size = 148788 }
wheels = [
    { url = "https://files.pythonhosted.org/packages/08/aa/cc0199a5f0ad350994d660967a8efb233fe0416e4639146c089643407ce6/packaging-24.1-py3-none-any.whl", hash = "sha256:5b8f2217dbdbd2f7f384c41c628544e6d52f2d0f53c6d0c3ea61aa5d1d7ff124", size = 53985 },
]

[[package]]
name = "pluggy"
version = "1.5.0"
source = { registry = "https://pypi.org/simple" }
sdist = { url = "https://files.pythonhosted.org/packages/96/2d/02d4312c973c6050a18b314a5ad0b3210edb65a906f868e31c111dede4a6/pluggy-1.5.0.tar.gz", hash = "sha256:2cffa88e94fdc978c4c574f15f9e59b7f4201d439195c3715ca9e2486f1d0cf1", size = 67955 }
wheels = [
    { url = "https://files.pythonhosted.org/packages/88/5f/e351af9a41f866ac3f1fac4ca0613908d9a41741cfcf2228f4ad853b697d/pluggy-1.5.0-py3-none-any.whl", hash = "sha256:44e1ad92c8ca002de6377e165f3e0f1be63266ab4d554740532335b9d75ea669", size = 20556 },
]

[[package]]
name = "pytest"
version = "8.3.3"
source = { registry = "https://pypi.org/simple" }
dependencies = [
    { name = "colorama", marker = "sys_platform == 'win32'" },
    { name = "iniconfig" },
    { name = "packaging" },
    { name = "pluggy" },
]
sdist = { url = "https://files.pythonhosted.org/packages/8b/6c/62bbd536103af674e227c41a8f3dcd022d591f6eed5facb5a0f31ee33bbc/pytest-8.3.3.tar.gz", hash = "sha256:70b98107bd648308a7952b06e6ca9a50bc660be218d53c257cc1fc94fda10181", size = 1442487 }
wheels = [
    { url = "https://files.pythonhosted.org/packages/6b/77/7440a06a8ead44c7757a64362dd22df5760f9b12dc5f11b6188cd2fc27a0/pytest-8.3.3-py3-none-any.whl", hash = "sha256:a6853c7375b2663155079443d2e45de913a911a11d669df02a50814944db57b2", size = 342341 },
]

[[package]]
name = "ruff"
version = "0.6.7"
source = { registry = "https://pypi.org/simple" }
sdist = { url = "https://files.pythonhosted.org/packages/8d/7c/3045a526c57cef4b5ec4d5d154692e31429749a49810a53e785de334c4f6/ruff-0.6.7.tar.gz", hash = "sha256:44e52129d82266fa59b587e2cd74def5637b730a69c4542525dfdecfaae38bd5", size = 3073785 }
wheels = [
    { url = "https://files.pythonhosted.org/packages/22/c4/1c5c636f83f905c537785016e9cdd7a36df53c025a2d07940580ecb37bcf/ruff-0.6.7-py3-none-linux_armv6l.whl", hash = "sha256:08277b217534bfdcc2e1377f7f933e1c7957453e8a79764d004e44c40db923f2", size = 10336748 },
    { url = "https://files.pythonhosted.org/packages/84/d9/aa15a56be7ad796f4d7625362aff588f9fc013bbb7323a63571628a2cf2d/ruff-0.6.7-py3-none-macosx_10_12_x86_64.whl", hash = "sha256:c6707a32e03b791f4448dc0dce24b636cbcdee4dd5607adc24e5ee73fd86c00a", size = 9958833 },
    { url = "https://files.pythonhosted.org/packages/27/25/5dd1c32bfc3ad3136c8ebe84312d1bdd2e6c908ac7f60692ec009b7050a8/ruff-0.6.7-py3-none-macosx_11_0_arm64.whl", hash = "sha256:533d66b7774ef224e7cf91506a7dafcc9e8ec7c059263ec46629e54e7b1f90ab", size = 9633369 },
    { url = "https://files.pythonhosted.org/packages/0e/3e/01b25484f3cb08fe6fddedf1f55f3f3c0af861a5b5f5082fbe60ab4b2596/ruff-0.6.7-py3-none-manylinux_2_17_aarch64.manylinux2014_aarch64.whl", hash = "sha256:17a86aac6f915932d259f7bec79173e356165518859f94649d8c50b81ff087e9", size = 10637415 },
    { url = "https://files.pythonhosted.org/packages/8a/c9/5bb9b849e4777e0f961de43edf95d2af0ab34999a5feee957be096887876/ruff-0.6.7-py3-none-manylinux_2_17_armv7l.manylinux2014_armv7l.whl", hash = "sha256:b3f8822defd260ae2460ea3832b24d37d203c3577f48b055590a426a722d50ef", size = 10097389 },
    { url = "https://files.pythonhosted.org/packages/52/cf/e08f1c290c7d848ddfb2ae811f24f445c18e1d3e50e01c38ffa7f5a50494/ruff-0.6.7-py3-none-manylinux_2_17_i686.manylinux2014_i686.whl", hash = "sha256:9ba4efe5c6dbbb58be58dd83feedb83b5e95c00091bf09987b4baf510fee5c99", size = 10951440 },
    { url = "https://files.pythonhosted.org/packages/a2/2d/ca8aa0da5841913c302d8034c6de0ce56c401c685184d8dd23cfdd0003f9/ruff-0.6.7-py3-none-manylinux_2_17_ppc64.manylinux2014_ppc64.whl", hash = "sha256:525201b77f94d2b54868f0cbe5edc018e64c22563da6c5c2e5c107a4e85c1c0d", size = 11708900 },
    { url = "https://files.pythonhosted.org/packages/89/fc/9a83c57baee977c82392e19a328b52cebdaf61601af3d99498e278ef5104/ruff-0.6.7-py3-none-manylinux_2_17_ppc64le.manylinux2014_ppc64le.whl", hash = "sha256:8854450839f339e1049fdbe15d875384242b8e85d5c6947bb2faad33c651020b", size = 11258892 },
    { url = "https://files.pythonhosted.org/packages/d3/a3/254cc7afef702c68ae9079290c2a1477ae0e81478589baf745026d8a4eb5/ruff-0.6.7-py3-none-manylinux_2_17_s390x.manylinux2014_s390x.whl", hash = "sha256:2f0b62056246234d59cbf2ea66e84812dc9ec4540518e37553513392c171cb18", size = 12367932 },
    { url = "https://files.pythonhosted.org/packages/9f/55/53f10c1bd8c3b2ae79aed18e62b22c6346f9296aa0ec80489b8442bd06a9/ruff-0.6.7-py3-none-manylinux_2_17_x86_64.manylinux2014_x86_64.whl", hash = "sha256:6b1462fa56c832dc0cea5b4041cfc9c97813505d11cce74ebc6d1aae068de36b", size = 10838629 },
    { url = "https://files.pythonhosted.org/packages/84/72/fb335c2b25432c63d15383ecbd7bfc1915e68cdf8d086a08042052144255/ruff-0.6.7-py3-none-musllinux_1_2_aarch64.whl", hash = "sha256:02b083770e4cdb1495ed313f5694c62808e71764ec6ee5db84eedd82fd32d8f5", size = 10648824 },
    { url = "https://files.pythonhosted.org/packages/92/a8/d57e135a8ad99b6a0c6e2a5c590bcacdd57f44340174f4409c3893368610/ruff-0.6.7-py3-none-musllinux_1_2_armv7l.whl", hash = "sha256:0c05fd37013de36dfa883a3854fae57b3113aaa8abf5dea79202675991d48624", size = 10174368 },
    { url = "https://files.pythonhosted.org/packages/a7/6f/1a30a6e81dcf2fa9ff3f7011eb87fe76c12a3c6bba74db6a1977d763de1f/ruff-0.6.7-py3-none-musllinux_1_2_i686.whl", hash = "sha256:f49c9caa28d9bbfac4a637ae10327b3db00f47d038f3fbb2195c4d682e925b14", size = 10514383 },
    { url = "https://files.pythonhosted.org/packages/0b/25/df6f2575bc9fe43a6dedfd8dee12896f09a94303e2c828d5f85856bb69a0/ruff-0.6.7-py3-none-musllinux_1_2_x86_64.whl", hash = "sha256:a0e1655868164e114ba43a908fd2d64a271a23660195017c17691fb6355d59bb", size = 10902340 },
    { url = "https://files.pythonhosted.org/packages/68/62/f2c1031e2fb7b94f9bf0603744e73db4ef90081b0eb1b9639a6feefd52ea/ruff-0.6.7-py3-none-win32.whl", hash = "sha256:a939ca435b49f6966a7dd64b765c9df16f1faed0ca3b6f16acdf7731969deb35", size = 8448033 },
    { url = "https://files.pythonhosted.org/packages/97/80/193d1604a3f7d75eb1b2a7ce6bf0fdbdbc136889a65caacea6ffb29501b1/ruff-0.6.7-py3-none-win_amd64.whl", hash = "sha256:590445eec5653f36248584579c06252ad2e110a5d1f32db5420de35fb0e1c977", size = 9273543 },
    { url = "https://files.pythonhosted.org/packages/8e/a8/4abb5a9f58f51e4b1ea386be5ab2e547035bc1ee57200d1eca2f8909a33e/ruff-0.6.7-py3-none-win_arm64.whl", hash = "sha256:b28f0d5e2f771c1fe3c7a45d3f53916fc74a480698c4b5731f0bea61e52137c8", size = 8618044 },
]

[[package]]
name = "typing-extensions"
version = "4.12.2"
source = { registry = "https://pypi.org/simple" }
sdist = { url = "https://files.pythonhosted.org/packages/df/db/f35a00659bc03fec321ba8bce9420de607a1d37f8342eee1863174c69557/typing_extensions-4.12.2.tar.gz", hash = "sha256:1a7ead55c7e559dd4dee8856e3a88b41225abfe1ce8df57b7c13915fe121ffb8", size = 85321 }
wheels = [
    { url = "https://files.pythonhosted.org/packages/26/9f/ad63fc0248c5379346306f8668cda6e2e2e9c95e01216d2b8ffd9ff037d0/typing_extensions-4.12.2-py3-none-any.whl", hash = "sha256:04e5ca0351e0f3f85c6853954072df659d0d13fac324d0072316b67d7794700d", size = 37438 },
]
